
Microsoft Visual Studio Solution File, Format Version 12.00
# Visual Studio Version 16
VisualStudioVersion = 16.0.31424.327
MinimumVisualStudioVersion = 10.0.40219.1
Project("{FAE04EC0-301F-11D3-BF4B-00C04F79EFBC}") = "DFA.CRM.CustomWorkflow", "WorkflowActivities\DFA.CRM.CustomWorkflow.csproj", "{B2AA6A7E-BBAC-4B7A-8B08-66A30AB54F64}"
EndProject
Global
	GlobalSection(SolutionConfigurationPlatforms) = preSolution
		Debug|Any CPU = Debug|Any CPU
		DebugLocal|Any CPU = DebugLocal|Any CPU
		Release|Any CPU = Release|Any CPU
	EndGlobalSection
	GlobalSection(ProjectConfigurationPlatforms) = postSolution
		{B2AA6A7E-BBAC-4B7A-8B08-66A30AB54F64}.Debug|Any CPU.ActiveCfg = Debug|Any CPU
		{B2AA6A7E-BBAC-4B7A-8B08-66A30AB54F64}.Debug|Any CPU.Build.0 = Debug|Any CPU
		{B2AA6A7E-BBAC-4B7A-8B08-66A30AB54F64}.DebugLocal|Any CPU.ActiveCfg = Debug|Any CPU
		{B2AA6A7E-BBAC-4B7A-8B08-66A30AB54F64}.DebugLocal|Any CPU.Build.0 = Debug|Any CPU
		{B2AA6A7E-BBAC-4B7A-8B08-66A30AB54F64}.Release|Any CPU.ActiveCfg = Release|Any CPU
		{B2AA6A7E-BBAC-4B7A-8B08-66A30AB54F64}.Release|Any CPU.Build.0 = Release|Any CPU
	EndGlobalSection
	GlobalSection(SolutionProperties) = preSolution
		HideSolutionNode = FALSE
	EndGlobalSection
	GlobalSection(ExtensibilityGlobals) = postSolution
		SolutionGuid = {8B026A63-7600-4452-8A51-5863839E016E}
	EndGlobalSection
EndGlobal
